
Microsoft Visual Studio Solution File, Format Version 12.00
# Visual Studio 15
VisualStudioVersion = 15.0.27703.2026
MinimumVisualStudioVersion = 10.0.40219.1
Project("{FAE04EC0-301F-11D3-BF4B-00C04F79EFBC}") = "Lab_08_LINQ", "Lab_08_LINQ\Lab_08_LINQ.csproj", "{62A61D71-74B1-4308-9009-4616E66A284B}"
EndProject
Global
	GlobalSection(SolutionConfigurationPlatforms) = preSolution
		Debug|Any CPU = Debug|Any CPU
		Release|Any CPU = Release|Any CPU
	EndGlobalSection
	GlobalSection(ProjectConfigurationPlatforms) = postSolution
		{62A61D71-74B1-4308-9009-4616E66A284B}.Debug|Any CPU.ActiveCfg = Debug|Any CPU
		{62A61D71-74B1-4308-9009-4616E66A284B}.Debug|Any CPU.Build.0 = Debug|Any CPU
		{62A61D71-74B1-4308-9009-4616E66A284B}.Release|Any CPU.ActiveCfg = Release|Any CPU
		{62A61D71-74B1-4308-9009-4616E66A284B}.Release|Any CPU.Build.0 = Release|Any CPU
	EndGlobalSection
	GlobalSection(SolutionProperties) = preSolution
		HideSolutionNode = FALSE
	EndGlobalSection
	GlobalSection(ExtensibilityGlobals) = postSolution
		SolutionGuid = {52772325-B5EF-465E-BA05-9E6B8685F0FD}
	EndGlobalSection
EndGlobal
